
Microsoft Visual Studio Solution File, Format Version 12.00
# Visual Studio Version 16
VisualStudioVersion = 16.0.30011.22
MinimumVisualStudioVersion = 10.0.40219.1
Project("{FAE04EC0-301F-11D3-BF4B-00C04F79EFBC}") = "ItAcademy.SchoolAdmin.DataAccess", "ItAcademy.SchoolAdmin.DataAccess\ItAcademy.SchoolAdmin.DataAccess.csproj", "{B0CB57A1-865B-4017-BAFF-1E8562578592}"
EndProject
Project("{FAE04EC0-301F-11D3-BF4B-00C04F79EFBC}") = "ItAcademy.SchoolAdmin.BusinessLogic", "ItAcademy.SchoolAdmin.BusinessLogic\ItAcademy.SchoolAdmin.BusinessLogic.csproj", "{A7AB52A0-F5B8-467B-B368-8551EE3978D2}"
EndProject
Project("{FAE04EC0-301F-11D3-BF4B-00C04F79EFBC}") = "ItAcademy.SchoolAdmin.Web", "ItAcademy.SchoolAdmin.Web\ItAcademy.SchoolAdmin.Web.csproj", "{D82CC6AF-9630-4494-B046-C7A1F6B7265A}"
EndProject
Project("{FAE04EC0-301F-11D3-BF4B-00C04F79EFBC}") = "ItAcademy.SchoolAdmin.Infrastructure", "ItAcademy.SchoolAdmin.Infrastructure\ItAcademy.SchoolAdmin.Infrastructure.csproj", "{C14F244B-421E-42F2-B1D3-F5C42B123F8D}"
EndProject
Project("{00D1A9C2-B5F0-4AF3-8072-F6C62B433612}") = "ItAcademy.SchoolAdmin.Database", "ItAcademy.SchoolAdmin.Database\ItAcademy.SchoolAdmin.Database.sqlproj", "{1035CD34-FC4C-403A-B149-5D170258FC70}"
EndProject
Project("{FAE04EC0-301F-11D3-BF4B-00C04F79EFBC}") = "ItAcademy.SchoolAdmin.Tests", "ItAcademy.SchoolAdmin.Tests\ItAcademy.SchoolAdmin.Tests.csproj", "{8C16BDE3-5563-41D1-8B88-ADC4921200C5}"
EndProject
Project("{FAE04EC0-301F-11D3-BF4B-00C04F79EFBC}") = "ItAcademy.SchoolAdmin.WebAPI", "ItAcademy.SchoolAdmin.WebAPI\ItAcademy.SchoolAdmin.WebAPI.csproj", "{7352D4B3-4AB8-40FA-B684-564994B79968}"
EndProject
Global
	GlobalSection(SolutionConfigurationPlatforms) = preSolution
		Debug|Any CPU = Debug|Any CPU
		Debug|x86 = Debug|x86
		Release|Any CPU = Release|Any CPU
		Release|x86 = Release|x86
	EndGlobalSection
	GlobalSection(ProjectConfigurationPlatforms) = postSolution
		{B0CB57A1-865B-4017-BAFF-1E8562578592}.Debug|Any CPU.ActiveCfg = Debug|Any CPU
		{B0CB57A1-865B-4017-BAFF-1E8562578592}.Debug|Any CPU.Build.0 = Debug|Any CPU
		{B0CB57A1-865B-4017-BAFF-1E8562578592}.Debug|x86.ActiveCfg = Debug|Any CPU
		{B0CB57A1-865B-4017-BAFF-1E8562578592}.Debug|x86.Build.0 = Debug|Any CPU
		{B0CB57A1-865B-4017-BAFF-1E8562578592}.Release|Any CPU.ActiveCfg = Release|Any CPU
		{B0CB57A1-865B-4017-BAFF-1E8562578592}.Release|Any CPU.Build.0 = Release|Any CPU
		{B0CB57A1-865B-4017-BAFF-1E8562578592}.Release|x86.ActiveCfg = Release|Any CPU
		{B0CB57A1-865B-4017-BAFF-1E8562578592}.Release|x86.Build.0 = Release|Any CPU
		{A7AB52A0-F5B8-467B-B368-8551EE3978D2}.Debug|Any CPU.ActiveCfg = Debug|Any CPU
		{A7AB52A0-F5B8-467B-B368-8551EE3978D2}.Debug|Any CPU.Build.0 = Debug|Any CPU
		{A7AB52A0-F5B8-467B-B368-8551EE3978D2}.Debug|x86.ActiveCfg = Debug|Any CPU
		{A7AB52A0-F5B8-467B-B368-8551EE3978D2}.Debug|x86.Build.0 = Debug|Any CPU
		{A7AB52A0-F5B8-467B-B368-8551EE3978D2}.Release|Any CPU.ActiveCfg = Release|Any CPU
		{A7AB52A0-F5B8-467B-B368-8551EE3978D2}.Release|Any CPU.Build.0 = Release|Any CPU
		{A7AB52A0-F5B8-467B-B368-8551EE3978D2}.Release|x86.ActiveCfg = Release|x86
		{A7AB52A0-F5B8-467B-B368-8551EE3978D2}.Release|x86.Build.0 = Release|x86
		{D82CC6AF-9630-4494-B046-C7A1F6B7265A}.Debug|Any CPU.ActiveCfg = Debug|Any CPU
		{D82CC6AF-9630-4494-B046-C7A1F6B7265A}.Debug|Any CPU.Build.0 = Debug|Any CPU
		{D82CC6AF-9630-4494-B046-C7A1F6B7265A}.Debug|x86.ActiveCfg = Debug|Any CPU
		{D82CC6AF-9630-4494-B046-C7A1F6B7265A}.Debug|x86.Build.0 = Debug|Any CPU
		{D82CC6AF-9630-4494-B046-C7A1F6B7265A}.Release|Any CPU.ActiveCfg = Release|Any CPU
		{D82CC6AF-9630-4494-B046-C7A1F6B7265A}.Release|Any CPU.Build.0 = Release|Any CPU
		{D82CC6AF-9630-4494-B046-C7A1F6B7265A}.Release|x86.ActiveCfg = Release|Any CPU
		{D82CC6AF-9630-4494-B046-C7A1F6B7265A}.Release|x86.Build.0 = Release|Any CPU
		{C14F244B-421E-42F2-B1D3-F5C42B123F8D}.Debug|Any CPU.ActiveCfg = Debug|Any CPU
		{C14F244B-421E-42F2-B1D3-F5C42B123F8D}.Debug|Any CPU.Build.0 = Debug|Any CPU
		{C14F244B-421E-42F2-B1D3-F5C42B123F8D}.Debug|x86.ActiveCfg = Debug|Any CPU
		{C14F244B-421E-42F2-B1D3-F5C42B123F8D}.Debug|x86.Build.0 = Debug|Any CPU
		{C14F244B-421E-42F2-B1D3-F5C42B123F8D}.Release|Any CPU.ActiveCfg = Release|Any CPU
		{C14F244B-421E-42F2-B1D3-F5C42B123F8D}.Release|Any CPU.Build.0 = Release|Any CPU
		{C14F244B-421E-42F2-B1D3-F5C42B123F8D}.Release|x86.ActiveCfg = Release|Any CPU
		{C14F244B-421E-42F2-B1D3-F5C42B123F8D}.Release|x86.Build.0 = Release|Any CPU
		{1035CD34-FC4C-403A-B149-5D170258FC70}.Debug|Any CPU.ActiveCfg = Debug|Any CPU
		{1035CD34-FC4C-403A-B149-5D170258FC70}.Debug|Any CPU.Build.0 = Debug|Any CPU
		{1035CD34-FC4C-403A-B149-5D170258FC70}.Debug|Any CPU.Deploy.0 = Debug|Any CPU
		{1035CD34-FC4C-403A-B149-5D170258FC70}.Debug|x86.ActiveCfg = Debug|Any CPU
		{1035CD34-FC4C-403A-B149-5D170258FC70}.Debug|x86.Build.0 = Debug|Any CPU
		{1035CD34-FC4C-403A-B149-5D170258FC70}.Debug|x86.Deploy.0 = Debug|Any CPU
		{1035CD34-FC4C-403A-B149-5D170258FC70}.Release|Any CPU.ActiveCfg = Release|Any CPU
		{1035CD34-FC4C-403A-B149-5D170258FC70}.Release|Any CPU.Build.0 = Release|Any CPU
		{1035CD34-FC4C-403A-B149-5D170258FC70}.Release|Any CPU.Deploy.0 = Release|Any CPU
		{1035CD34-FC4C-403A-B149-5D170258FC70}.Release|x86.ActiveCfg = Release|Any CPU
		{1035CD34-FC4C-403A-B149-5D170258FC70}.Release|x86.Build.0 = Release|Any CPU
		{1035CD34-FC4C-403A-B149-5D170258FC70}.Release|x86.Deploy.0 = Release|Any CPU
		{8C16BDE3-5563-41D1-8B88-ADC4921200C5}.Debug|Any CPU.ActiveCfg = Debug|Any CPU
		{8C16BDE3-5563-41D1-8B88-ADC4921200C5}.Debug|Any CPU.Build.0 = Debug|Any CPU
		{8C16BDE3-5563-41D1-8B88-ADC4921200C5}.Debug|x86.ActiveCfg = Debug|Any CPU
		{8C16BDE3-5563-41D1-8B88-ADC4921200C5}.Debug|x86.Build.0 = Debug|Any CPU
		{8C16BDE3-5563-41D1-8B88-ADC4921200C5}.Release|Any CPU.ActiveCfg = Release|Any CPU
		{8C16BDE3-5563-41D1-8B88-ADC4921200C5}.Release|Any CPU.Build.0 = Release|Any CPU
		{8C16BDE3-5563-41D1-8B88-ADC4921200C5}.Release|x86.ActiveCfg = Release|Any CPU
		{8C16BDE3-5563-41D1-8B88-ADC4921200C5}.Release|x86.Build.0 = Release|Any CPU
		{7352D4B3-4AB8-40FA-B684-564994B79968}.Debug|Any CPU.ActiveCfg = Debug|Any CPU
		{7352D4B3-4AB8-40FA-B684-564994B79968}.Debug|Any CPU.Build.0 = Debug|Any CPU
		{7352D4B3-4AB8-40FA-B684-564994B79968}.Debug|x86.ActiveCfg = Debug|Any CPU
		{7352D4B3-4AB8-40FA-B684-564994B79968}.Debug|x86.Build.0 = Debug|Any CPU
		{7352D4B3-4AB8-40FA-B684-564994B79968}.Release|Any CPU.ActiveCfg = Release|Any CPU
		{7352D4B3-4AB8-40FA-B684-564994B79968}.Release|Any CPU.Build.0 = Release|Any CPU
		{7352D4B3-4AB8-40FA-B684-564994B79968}.Release|x86.ActiveCfg = Release|Any CPU
		{7352D4B3-4AB8-40FA-B684-564994B79968}.Release|x86.Build.0 = Release|Any CPU
	EndGlobalSection
	GlobalSection(SolutionProperties) = preSolution
		HideSolutionNode = FALSE
	EndGlobalSection
	GlobalSection(ExtensibilityGlobals) = postSolution
		SolutionGuid = {E51F4945-D46B-4F9B-8C3D-AA9B23197FA8}
	EndGlobalSection
EndGlobal
